<?xml version="1.0" encoding="utf-8"?>
<Project ToolsVersion="4.0" xmlns="http://schemas.microsoft.com/developer/msbuild/2003">
  <ItemGroup>
    <Filter Include="src">
      <UniqueIdentifier>{2DAB880B-99B4-887C-2230-9F7C8E38947C}</UniqueIdentifier>
    </Filter>
    <Filter Include="src\Crystal">
      <UniqueIdentifier>{9E3A3245-0AF0-AA3A-93E4-A411FF98A13E}</UniqueIdentifier>
    </Filter>
    <Filter Include="src\Crystal\APIs">
      <UniqueIdentifier>{DA0FAD13-C608-CC65-EF3A-B1EADB92AB71}</UniqueIdentifier>
    </Filter>
    <Filter Include="src\Crystal\APIs\OpenGL">
      <UniqueIdentifier>{CE1FF27C-3A57-3A14-4361-9E37AF17610D}</UniqueIdentifier>
    </Filter>
    <Filter Include="src\Crystal\APIs\Vulkan">
      <UniqueIdentifier>{1A84A48D-86BB-EC24-8FC5-5048FB7B131E}</UniqueIdentifier>
    </Filter>
    <Filter Include="src\Crystal\Core">
      <UniqueIdentifier>{B6B1AE13-A2AA-CD65-CBDC-B2EAB734AD71}</UniqueIdentifier>
    </Filter>
    <Filter Include="src\Crystal\Core\Events">
      <UniqueIdentifier>{DA9460AA-46CC-A841-4FD6-0C65BB8CCF3A}</UniqueIdentifier>
    </Filter>
    <Filter Include="src\Crystal\Core\Events\Codes">
      <UniqueIdentifier>{97C4349D-03DD-1BC7-CC89-AB603861B060}</UniqueIdentifier>
    </Filter>
    <Filter Include="src\Crystal\Core\Events\Input">
      <UniqueIdentifier>{5900A19D-C518-88C7-8EC5-1761FA9C1C61}</UniqueIdentifier>
    </Filter>
    <Filter Include="src\Crystal\Examples">
      <UniqueIdentifier>{ECBDF430-D84C-7EFA-816B-92F56DD98EA0}</UniqueIdentifier>
    </Filter>
    <Filter Include="src\Crystal\ImGui">
      <UniqueIdentifier>{48AEEF89-B4C4-ED1F-FD3B-79416991BEA7}</UniqueIdentifier>
    </Filter>
    <Filter Include="src\Crystal\Platforms">
      <UniqueIdentifier>{655F704D-D1CB-2B48-9ABF-C3A506EB4DB0}</UniqueIdentifier>
    </Filter>
    <Filter Include="src\Crystal\Platforms\Windows">
      <UniqueIdentifier>{9F9E8566-0BB7-6C90-D463-FC29403B012A}</UniqueIdentifier>
    </Filter>
    <Filter Include="src\Crystal\Renderer">
      <UniqueIdentifier>{04506497-F0DE-ED60-99FD-015C856BFE06}</UniqueIdentifier>
    </Filter>
    <Filter Include="src\Crystal\Renderer\2D">
      <UniqueIdentifier>{2950C538-9587-0DD0-9E91-71F30A4834C9}</UniqueIdentifier>
    </Filter>
    <Filter Include="src\Crystal\Renderer\3D">
      <UniqueIdentifier>{4A50C538-B687-0DD0-BF91-71F32B4834C9}</UniqueIdentifier>
    </Filter>
    <Filter Include="vendor">
      <UniqueIdentifier>{B3738122-9F15-ACF8-88D0-BF4C74113349}</UniqueIdentifier>
    </Filter>
    <Filter Include="vendor\stb_image">
      <UniqueIdentifier>{0DA0BA59-F998-D9AB-22CB-BE300E23B9B7}</UniqueIdentifier>
    </Filter>
    <Filter Include="vendor\stb_image\src">
      <UniqueIdentifier>{A49C11F7-902B-9BC0-394A-AFBB25B8AB66}</UniqueIdentifier>
    </Filter>
  </ItemGroup>
  <ItemGroup>
    <ClInclude Include="src\Crystal\APIs\OpenGL\OpenGLBuffer.hpp">
      <Filter>src\Crystal\APIs\OpenGL</Filter>
    </ClInclude>
    <ClInclude Include="src\Crystal\APIs\OpenGL\OpenGLContext.hpp">
      <Filter>src\Crystal\APIs\OpenGL</Filter>
    </ClInclude>
    <ClInclude Include="src\Crystal\APIs\OpenGL\OpenGLFrameBuffer.hpp">
      <Filter>src\Crystal\APIs\OpenGL</Filter>
    </ClInclude>
    <ClInclude Include="src\Crystal\APIs\OpenGL\OpenGLRenderingAPI.hpp">
      <Filter>src\Crystal\APIs\OpenGL</Filter>
    </ClInclude>
    <ClInclude Include="src\Crystal\APIs\OpenGL\OpenGLShader.hpp">
      <Filter>src\Crystal\APIs\OpenGL</Filter>
    </ClInclude>
    <ClInclude Include="src\Crystal\APIs\OpenGL\OpenGLTexture.hpp">
      <Filter>src\Crystal\APIs\OpenGL</Filter>
    </ClInclude>
    <ClInclude Include="src\Crystal\APIs\OpenGL\OpenGLVertexArray.hpp">
      <Filter>src\Crystal\APIs\OpenGL</Filter>
    </ClInclude>
    <ClInclude Include="src\Crystal\APIs\Vulkan\VulkanContext.hpp">
      <Filter>src\Crystal\APIs\Vulkan</Filter>
    </ClInclude>
    <ClInclude Include="src\Crystal\Core\AppEntrypoint.hpp">
      <Filter>src\Crystal\Core</Filter>
    </ClInclude>
    <ClInclude Include="src\Crystal\Core\Application.hpp">
      <Filter>src\Crystal\Core</Filter>
    </ClInclude>
    <ClInclude Include="src\Crystal\Core\Core.hpp">
      <Filter>src\Crystal\Core</Filter>
    </ClInclude>
    <ClInclude Include="src\Crystal\Core\Events\ApplicationEvent.hpp">
      <Filter>src\Crystal\Core\Events</Filter>
    </ClInclude>
    <ClInclude Include="src\Crystal\Core\Events\Codes\KeyCodes.hpp">
      <Filter>src\Crystal\Core\Events\Codes</Filter>
    </ClInclude>
    <ClInclude Include="src\Crystal\Core\Events\Codes\MouseCodes.hpp">
      <Filter>src\Crystal\Core\Events\Codes</Filter>
    </ClInclude>
    <ClInclude Include="src\Crystal\Core\Events\Event.hpp">
      <Filter>src\Crystal\Core\Events</Filter>
    </ClInclude>
    <ClInclude Include="src\Crystal\Core\Events\Events.hpp">
      <Filter>src\Crystal\Core\Events</Filter>
    </ClInclude>
    <ClInclude Include="src\Crystal\Core\Events\Input\Input.hpp">
      <Filter>src\Crystal\Core\Events\Input</Filter>
    </ClInclude>
    <ClInclude Include="src\Crystal\Core\Events\KeyEvent.hpp">
      <Filter>src\Crystal\Core\Events</Filter>
    </ClInclude>
    <ClInclude Include="src\Crystal\Core\Events\MouseEvent.hpp">
      <Filter>src\Crystal\Core\Events</Filter>
    </ClInclude>
    <ClInclude Include="src\Crystal\Core\Layer.hpp">
      <Filter>src\Crystal\Core</Filter>
    </ClInclude>
    <ClInclude Include="src\Crystal\Core\LayerStack.hpp">
      <Filter>src\Crystal\Core</Filter>
    </ClInclude>
    <ClInclude Include="src\Crystal\Core\UUID.hpp">
      <Filter>src\Crystal\Core</Filter>
    </ClInclude>
    <ClInclude Include="src\Crystal\Core\Window.hpp">
      <Filter>src\Crystal\Core</Filter>
    </ClInclude>
    <ClInclude Include="src\Crystal\Crystal.hpp">
      <Filter>src\Crystal</Filter>
    </ClInclude>
    <ClInclude Include="src\Crystal\Examples\Camera2D.hpp">
      <Filter>src\Crystal\Examples</Filter>
    </ClInclude>
    <ClInclude Include="src\Crystal\Examples\Camera3D.hpp">
      <Filter>src\Crystal\Examples</Filter>
    </ClInclude>
    <ClInclude Include="src\Crystal\ImGui\BaseImGuiLayer.hpp">
      <Filter>src\Crystal\ImGui</Filter>
    </ClInclude>
    <ClInclude Include="src\Crystal\Platforms\Windows\WindowsInput.hpp">
      <Filter>src\Crystal\Platforms\Windows</Filter>
    </ClInclude>
    <ClInclude Include="src\Crystal\Platforms\Windows\WindowsWindow.hpp">
      <Filter>src\Crystal\Platforms\Windows</Filter>
    </ClInclude>
    <ClInclude Include="src\Crystal\Renderer\2D\OrthoGraphicCamera.hpp">
      <Filter>src\Crystal\Renderer\2D</Filter>
    </ClInclude>
    <ClInclude Include="src\Crystal\Renderer\2D\Renderer2D.hpp">
      <Filter>src\Crystal\Renderer\2D</Filter>
    </ClInclude>
    <ClInclude Include="src\Crystal\Renderer\3D\PerspectiveCamera.hpp">
      <Filter>src\Crystal\Renderer\3D</Filter>
    </ClInclude>
    <ClInclude Include="src\Crystal\Renderer\3D\Renderer3D.hpp">
      <Filter>src\Crystal\Renderer\3D</Filter>
    </ClInclude>
    <ClInclude Include="src\Crystal\Renderer\Buffer.hpp">
      <Filter>src\Crystal\Renderer</Filter>
    </ClInclude>
    <ClInclude Include="src\Crystal\Renderer\FrameBuffer.hpp">
      <Filter>src\Crystal\Renderer</Filter>
    </ClInclude>
    <ClInclude Include="src\Crystal\Renderer\GraphicsContext.hpp">
      <Filter>src\Crystal\Renderer</Filter>
    </ClInclude>
    <ClInclude Include="src\Crystal\Renderer\Renderer.hpp">
      <Filter>src\Crystal\Renderer</Filter>
    </ClInclude>
    <ClInclude Include="src\Crystal\Renderer\RendererCommand.hpp">
      <Filter>src\Crystal\Renderer</Filter>
    </ClInclude>
    <ClInclude Include="src\Crystal\Renderer\RenderingAPI.hpp">
      <Filter>src\Crystal\Renderer</Filter>
    </ClInclude>
    <ClInclude Include="src\Crystal\Renderer\Shader.hpp">
      <Filter>src\Crystal\Renderer</Filter>
    </ClInclude>
    <ClInclude Include="src\Crystal\Renderer\Texture.hpp">
      <Filter>src\Crystal\Renderer</Filter>
    </ClInclude>
    <ClInclude Include="src\Crystal\Renderer\VertexArray.hpp">
      <Filter>src\Crystal\Renderer</Filter>
    </ClInclude>
    <ClInclude Include="src\Crystal\crpch.h">
      <Filter>src\Crystal</Filter>
    </ClInclude>
  </ItemGroup>
  <ItemGroup>
    <ClCompile Include="..\..\vendor\stb_image\src\stb_image.cpp">
      <Filter>vendor\stb_image\src</Filter>
    </ClCompile>
    <ClCompile Include="src\Crystal\APIs\OpenGL\OpenGLBuffer.cpp">
      <Filter>src\Crystal\APIs\OpenGL</Filter>
    </ClCompile>
    <ClCompile Include="src\Crystal\APIs\OpenGL\OpenGLContext.cpp">
      <Filter>src\Crystal\APIs\OpenGL</Filter>
    </ClCompile>
    <ClCompile Include="src\Crystal\APIs\OpenGL\OpenGLFrameBuffer.cpp">
      <Filter>src\Crystal\APIs\OpenGL</Filter>
    </ClCompile>
    <ClCompile Include="src\Crystal\APIs\OpenGL\OpenGLRenderingAPI.cpp">
      <Filter>src\Crystal\APIs\OpenGL</Filter>
    </ClCompile>
    <ClCompile Include="src\Crystal\APIs\OpenGL\OpenGLShader.cpp">
      <Filter>src\Crystal\APIs\OpenGL</Filter>
    </ClCompile>
    <ClCompile Include="src\Crystal\APIs\OpenGL\OpenGLTexture.cpp">
      <Filter>src\Crystal\APIs\OpenGL</Filter>
    </ClCompile>
    <ClCompile Include="src\Crystal\APIs\OpenGL\OpenGLVertexArray.cpp">
      <Filter>src\Crystal\APIs\OpenGL</Filter>
    </ClCompile>
    <ClCompile Include="src\Crystal\APIs\Vulkan\VulkanContext.cpp">
      <Filter>src\Crystal\APIs\Vulkan</Filter>
    </ClCompile>
    <ClCompile Include="src\Crystal\Core\Application.cpp">
      <Filter>src\Crystal\Core</Filter>
    </ClCompile>
    <ClCompile Include="src\Crystal\Core\Core.cpp">
      <Filter>src\Crystal\Core</Filter>
    </ClCompile>
    <ClCompile Include="src\Crystal\Core\Layer.cpp">
      <Filter>src\Crystal\Core</Filter>
    </ClCompile>
    <ClCompile Include="src\Crystal\Core\LayerStack.cpp">
      <Filter>src\Crystal\Core</Filter>
    </ClCompile>
    <ClCompile Include="src\Crystal\Core\Window.cpp">
      <Filter>src\Crystal\Core</Filter>
    </ClCompile>
    <ClCompile Include="src\Crystal\Examples\Camera2D.cpp">
      <Filter>src\Crystal\Examples</Filter>
    </ClCompile>
    <ClCompile Include="src\Crystal\Examples\Camera3D.cpp">
      <Filter>src\Crystal\Examples</Filter>
    </ClCompile>
    <ClCompile Include="src\Crystal\ImGui\BaseImGuiLayer.cpp">
      <Filter>src\Crystal\ImGui</Filter>
    </ClCompile>
    <ClCompile Include="src\Crystal\ImGui\ImGuiBuild.cpp">
      <Filter>src\Crystal\ImGui</Filter>
    </ClCompile>
    <ClCompile Include="src\Crystal\Platforms\Windows\WindowsInput.cpp">
      <Filter>src\Crystal\Platforms\Windows</Filter>
    </ClCompile>
    <ClCompile Include="src\Crystal\Platforms\Windows\WindowsWindow.cpp">
      <Filter>src\Crystal\Platforms\Windows</Filter>
    </ClCompile>
    <ClCompile Include="src\Crystal\Renderer\2D\OrthoGraphicCamera.cpp">
      <Filter>src\Crystal\Renderer\2D</Filter>
    </ClCompile>
    <ClCompile Include="src\Crystal\Renderer\2D\Renderer2D.cpp">
      <Filter>src\Crystal\Renderer\2D</Filter>
    </ClCompile>
    <ClCompile Include="src\Crystal\Renderer\3D\PerspectiveCamera.cpp">
      <Filter>src\Crystal\Renderer\3D</Filter>
    </ClCompile>
    <ClCompile Include="src\Crystal\Renderer\3D\Renderer3D.cpp">
      <Filter>src\Crystal\Renderer\3D</Filter>
    </ClCompile>
    <ClCompile Include="src\Crystal\Renderer\Buffer.cpp">
      <Filter>src\Crystal\Renderer</Filter>
    </ClCompile>
    <ClCompile Include="src\Crystal\Renderer\FrameBuffer.cpp">
      <Filter>src\Crystal\Renderer</Filter>
    </ClCompile>
    <ClCompile Include="src\Crystal\Renderer\GraphicsContext.cpp">
      <Filter>src\Crystal\Renderer</Filter>
    </ClCompile>
    <ClCompile Include="src\Crystal\Renderer\Renderer.cpp">
      <Filter>src\Crystal\Renderer</Filter>
    </ClCompile>
    <ClCompile Include="src\Crystal\Renderer\RendererCommand.cpp">
      <Filter>src\Crystal\Renderer</Filter>
    </ClCompile>
    <ClCompile Include="src\Crystal\Renderer\RenderingAPI.cpp">
      <Filter>src\Crystal\Renderer</Filter>
    </ClCompile>
    <ClCompile Include="src\Crystal\Renderer\Shader.cpp">
      <Filter>src\Crystal\Renderer</Filter>
    </ClCompile>
    <ClCompile Include="src\Crystal\Renderer\Texture.cpp">
      <Filter>src\Crystal\Renderer</Filter>
    </ClCompile>
    <ClCompile Include="src\Crystal\Renderer\VertexArray.cpp">
      <Filter>src\Crystal\Renderer</Filter>
    </ClCompile>
    <ClCompile Include="src\Crystal\crpch.cpp">
      <Filter>src\Crystal</Filter>
    </ClCompile>
  </ItemGroup>
</Project>